
Microsoft Visual Studio Solution File, Format Version 12.00
# Visual Studio 14
VisualStudioVersion = 14.0.25123.0
MinimumVisualStudioVersion = 10.0.40219.1
Project("{FAE04EC0-301F-11D3-BF4B-00C04F79EFBC}") = "Uno", "Blackjack\Uno.csproj", "{BBB0A12B-C3C8-48E9-AF3E-468501045CA8}"
EndProject
Project("{FAE04EC0-301F-11D3-BF4B-00C04F79EFBC}") = "UnoTest", "BlackjackTest\UnoTest.csproj", "{F4D2C623-307D-4EA0-8ECE-BA5FFE647B07}"
EndProject
Global
	GlobalSection(SolutionConfigurationPlatforms) = preSolution
		Debug|Any CPU = Debug|Any CPU
		Release|Any CPU = Release|Any CPU
	EndGlobalSection
	GlobalSection(ProjectConfigurationPlatforms) = postSolution
		{BBB0A12B-C3C8-48E9-AF3E-468501045CA8}.Debug|Any CPU.ActiveCfg = Debug|Any CPU
		{BBB0A12B-C3C8-48E9-AF3E-468501045CA8}.Debug|Any CPU.Build.0 = Debug|Any CPU
		{BBB0A12B-C3C8-48E9-AF3E-468501045CA8}.Release|Any CPU.ActiveCfg = Release|Any CPU
		{BBB0A12B-C3C8-48E9-AF3E-468501045CA8}.Release|Any CPU.Build.0 = Release|Any CPU
		{F4D2C623-307D-4EA0-8ECE-BA5FFE647B07}.Debug|Any CPU.ActiveCfg = Debug|Any CPU
		{F4D2C623-307D-4EA0-8ECE-BA5FFE647B07}.Debug|Any CPU.Build.0 = Debug|Any CPU
		{F4D2C623-307D-4EA0-8ECE-BA5FFE647B07}.Release|Any CPU.ActiveCfg = Release|Any CPU
		{F4D2C623-307D-4EA0-8ECE-BA5FFE647B07}.Release|Any CPU.Build.0 = Release|Any CPU
	EndGlobalSection
	GlobalSection(SolutionProperties) = preSolution
		HideSolutionNode = FALSE
	EndGlobalSection
EndGlobal
